
Microsoft Visual Studio Solution File, Format Version 12.00
# Visual Studio Version 17
VisualStudioVersion = 17.5.2.0
MinimumVisualStudioVersion = 10.0.40219.1
Project("{FAE04EC0-301F-11D3-BF4B-00C04F79EFBC}") = "ExemploFundamentos.Common", "ExemploFundamentos\ExemploFundamentos.Common.csproj", "{0983BC3C-21C1-41A1-A663-2F062C884DAA}"
EndProject
Global
	GlobalSection(SolutionConfigurationPlatforms) = preSolution
		Debug|Any CPU = Debug|Any CPU
		Debug|x64 = Debug|x64
		Debug|x86 = Debug|x86
		Release|Any CPU = Release|Any CPU
		Release|x64 = Release|x64
		Release|x86 = Release|x86
	EndGlobalSection
	GlobalSection(ProjectConfigurationPlatforms) = postSolution
		{0983BC3C-21C1-41A1-A663-2F062C884DAA}.Debug|Any CPU.ActiveCfg = Debug|Any CPU
		{0983BC3C-21C1-41A1-A663-2F062C884DAA}.Debug|Any CPU.Build.0 = Debug|Any CPU
		{0983BC3C-21C1-41A1-A663-2F062C884DAA}.Debug|x64.ActiveCfg = Debug|Any CPU
		{0983BC3C-21C1-41A1-A663-2F062C884DAA}.Debug|x64.Build.0 = Debug|Any CPU
		{0983BC3C-21C1-41A1-A663-2F062C884DAA}.Debug|x86.ActiveCfg = Debug|Any CPU
		{0983BC3C-21C1-41A1-A663-2F062C884DAA}.Debug|x86.Build.0 = Debug|Any CPU
		{0983BC3C-21C1-41A1-A663-2F062C884DAA}.Release|Any CPU.ActiveCfg = Release|Any CPU
		{0983BC3C-21C1-41A1-A663-2F062C884DAA}.Release|Any CPU.Build.0 = Release|Any CPU
		{0983BC3C-21C1-41A1-A663-2F062C884DAA}.Release|x64.ActiveCfg = Release|Any CPU
		{0983BC3C-21C1-41A1-A663-2F062C884DAA}.Release|x64.Build.0 = Release|Any CPU
		{0983BC3C-21C1-41A1-A663-2F062C884DAA}.Release|x86.ActiveCfg = Release|Any CPU
		{0983BC3C-21C1-41A1-A663-2F062C884DAA}.Release|x86.Build.0 = Release|Any CPU
	EndGlobalSection
	GlobalSection(SolutionProperties) = preSolution
		HideSolutionNode = FALSE
	EndGlobalSection
	GlobalSection(ExtensibilityGlobals) = postSolution
		SolutionGuid = {7DDB77AC-E08A-4CEC-868A-4CD7D19AAE8D}
	EndGlobalSection
EndGlobal
